
Microsoft Visual Studio Solution File, Format Version 11.00
# Visual Studio 2010
Project("{FAE04EC0-301F-11D3-BF4B-00C04F79EFBC}") = "Assembly-CSharp", "Assembly-CSharp.csproj", "{E2D2B1CC-2B16-6C28-F0FA-FC6573EF2390}"
EndProject
Global
	GlobalSection(SolutionConfigurationPlatforms) = preSolution
		Debug|Any CPU = Debug|Any CPU
		Release|Any CPU = Release|Any CPU
	EndGlobalSection
	GlobalSection(ProjectConfigurationPlatforms) = postSolution
		{E2D2B1CC-2B16-6C28-F0FA-FC6573EF2390}.Debug|Any CPU.ActiveCfg = Debug|Any CPU
		{E2D2B1CC-2B16-6C28-F0FA-FC6573EF2390}.Debug|Any CPU.Build.0 = Debug|Any CPU
		{E2D2B1CC-2B16-6C28-F0FA-FC6573EF2390}.Release|Any CPU.ActiveCfg = Release|Any CPU
		{E2D2B1CC-2B16-6C28-F0FA-FC6573EF2390}.Release|Any CPU.Build.0 = Release|Any CPU
	EndGlobalSection
	GlobalSection(SolutionProperties) = preSolution
		HideSolutionNode = FALSE
	EndGlobalSection
	GlobalSection(MonoDevelopProperties) = preSolution
		StartupItem = Assembly-CSharp.csproj
	EndGlobalSection
EndGlobal
